
Microsoft Visual Studio Solution File, Format Version 12.00
Project("{FAE04EC0-301F-11D3-BF4B-00C04F79EFBC}") = "SelfStorage", "SelfStorage\SelfStorage.csproj", "{03099C31-8A30-4F83-BFAF-522B2BA47923}"
EndProject
Project("{FAE04EC0-301F-11D3-BF4B-00C04F79EFBC}") = "SelfStorageCore", "SelfStorageCore\SelfStorageCore.csproj", "{0C324315-BE27-4C75-BE73-125EE0ADDE12}"
EndProject
Project("{2150E333-8FDC-42A3-9474-1A3956D46DE8}") = "Orleans", "Orleans", "{DC71C30A-F3DE-45CD-A6A6-B4CD38231F28}"
EndProject
Project("{FAE04EC0-301F-11D3-BF4B-00C04F79EFBC}") = "Grains", "Grains\Grains.csproj", "{F4EC74ED-9494-42FF-9831-004F2B51DAC3}"
EndProject
Project("{FAE04EC0-301F-11D3-BF4B-00C04F79EFBC}") = "GrainInterfaces", "GrainInterfaces\GrainInterfaces.csproj", "{22C7B21F-8BE6-48D5-B1CC-80A000A00BFF}"
EndProject
Project("{FAE04EC0-301F-11D3-BF4B-00C04F79EFBC}") = "Client", "Client\Client.csproj", "{A03244D4-CFD0-4CCB-A289-955D352854DB}"
EndProject
Project("{FAE04EC0-301F-11D3-BF4B-00C04F79EFBC}") = "Silo", "Silo\Silo.csproj", "{A421756D-DA75-4D1F-87AD-0ABA039266AD}"
EndProject
Project("{2150E333-8FDC-42A3-9474-1A3956D46DE8}") = "SelfStorageOrleans", "SelfStorageOrleans", "{F0949E12-9D60-4D4B-8CC1-D82D676E6F79}"
EndProject
Project("{FAE04EC0-301F-11D3-BF4B-00C04F79EFBC}") = "SelfStorageSilo", "SelfStorageSilo\SelfStorageSilo.csproj", "{1C247BD7-C4CB-4E1E-9107-FF77E1B370CF}"
EndProject
Project("{FAE04EC0-301F-11D3-BF4B-00C04F79EFBC}") = "SelfStorageGrains", "SelfStorageGrains\SelfStorageGrains.csproj", "{C8BD9C70-166E-4388-8BCC-ED2D2BB4793B}"
EndProject
Project("{FAE04EC0-301F-11D3-BF4B-00C04F79EFBC}") = "SelfStorageInterfaces", "SelfStorageInterfaces\SelfStorageInterfaces.csproj", "{1A5D0AB6-759F-4CAE-9D90-DF11318D8A4D}"
EndProject
Global
	GlobalSection(SolutionConfigurationPlatforms) = preSolution
		Debug|Any CPU = Debug|Any CPU
		Release|Any CPU = Release|Any CPU
	EndGlobalSection
	GlobalSection(ProjectConfigurationPlatforms) = postSolution
		{03099C31-8A30-4F83-BFAF-522B2BA47923}.Debug|Any CPU.ActiveCfg = Debug|Any CPU
		{03099C31-8A30-4F83-BFAF-522B2BA47923}.Debug|Any CPU.Build.0 = Debug|Any CPU
		{03099C31-8A30-4F83-BFAF-522B2BA47923}.Release|Any CPU.ActiveCfg = Release|Any CPU
		{03099C31-8A30-4F83-BFAF-522B2BA47923}.Release|Any CPU.Build.0 = Release|Any CPU
		{0C324315-BE27-4C75-BE73-125EE0ADDE12}.Debug|Any CPU.ActiveCfg = Debug|Any CPU
		{0C324315-BE27-4C75-BE73-125EE0ADDE12}.Debug|Any CPU.Build.0 = Debug|Any CPU
		{0C324315-BE27-4C75-BE73-125EE0ADDE12}.Release|Any CPU.ActiveCfg = Release|Any CPU
		{0C324315-BE27-4C75-BE73-125EE0ADDE12}.Release|Any CPU.Build.0 = Release|Any CPU
		{F4EC74ED-9494-42FF-9831-004F2B51DAC3}.Debug|Any CPU.ActiveCfg = Debug|Any CPU
		{F4EC74ED-9494-42FF-9831-004F2B51DAC3}.Debug|Any CPU.Build.0 = Debug|Any CPU
		{F4EC74ED-9494-42FF-9831-004F2B51DAC3}.Release|Any CPU.ActiveCfg = Release|Any CPU
		{F4EC74ED-9494-42FF-9831-004F2B51DAC3}.Release|Any CPU.Build.0 = Release|Any CPU
		{22C7B21F-8BE6-48D5-B1CC-80A000A00BFF}.Debug|Any CPU.ActiveCfg = Debug|Any CPU
		{22C7B21F-8BE6-48D5-B1CC-80A000A00BFF}.Debug|Any CPU.Build.0 = Debug|Any CPU
		{22C7B21F-8BE6-48D5-B1CC-80A000A00BFF}.Release|Any CPU.ActiveCfg = Release|Any CPU
		{22C7B21F-8BE6-48D5-B1CC-80A000A00BFF}.Release|Any CPU.Build.0 = Release|Any CPU
		{A03244D4-CFD0-4CCB-A289-955D352854DB}.Debug|Any CPU.ActiveCfg = Debug|Any CPU
		{A03244D4-CFD0-4CCB-A289-955D352854DB}.Debug|Any CPU.Build.0 = Debug|Any CPU
		{A03244D4-CFD0-4CCB-A289-955D352854DB}.Release|Any CPU.ActiveCfg = Release|Any CPU
		{A03244D4-CFD0-4CCB-A289-955D352854DB}.Release|Any CPU.Build.0 = Release|Any CPU
		{A421756D-DA75-4D1F-87AD-0ABA039266AD}.Debug|Any CPU.ActiveCfg = Debug|Any CPU
		{A421756D-DA75-4D1F-87AD-0ABA039266AD}.Debug|Any CPU.Build.0 = Debug|Any CPU
		{A421756D-DA75-4D1F-87AD-0ABA039266AD}.Release|Any CPU.ActiveCfg = Release|Any CPU
		{A421756D-DA75-4D1F-87AD-0ABA039266AD}.Release|Any CPU.Build.0 = Release|Any CPU
		{1C247BD7-C4CB-4E1E-9107-FF77E1B370CF}.Debug|Any CPU.ActiveCfg = Debug|Any CPU
		{1C247BD7-C4CB-4E1E-9107-FF77E1B370CF}.Debug|Any CPU.Build.0 = Debug|Any CPU
		{1C247BD7-C4CB-4E1E-9107-FF77E1B370CF}.Release|Any CPU.ActiveCfg = Release|Any CPU
		{1C247BD7-C4CB-4E1E-9107-FF77E1B370CF}.Release|Any CPU.Build.0 = Release|Any CPU
		{C8BD9C70-166E-4388-8BCC-ED2D2BB4793B}.Debug|Any CPU.ActiveCfg = Debug|Any CPU
		{C8BD9C70-166E-4388-8BCC-ED2D2BB4793B}.Debug|Any CPU.Build.0 = Debug|Any CPU
		{C8BD9C70-166E-4388-8BCC-ED2D2BB4793B}.Release|Any CPU.ActiveCfg = Release|Any CPU
		{C8BD9C70-166E-4388-8BCC-ED2D2BB4793B}.Release|Any CPU.Build.0 = Release|Any CPU
		{1A5D0AB6-759F-4CAE-9D90-DF11318D8A4D}.Debug|Any CPU.ActiveCfg = Debug|Any CPU
		{1A5D0AB6-759F-4CAE-9D90-DF11318D8A4D}.Debug|Any CPU.Build.0 = Debug|Any CPU
		{1A5D0AB6-759F-4CAE-9D90-DF11318D8A4D}.Release|Any CPU.ActiveCfg = Release|Any CPU
		{1A5D0AB6-759F-4CAE-9D90-DF11318D8A4D}.Release|Any CPU.Build.0 = Release|Any CPU
	EndGlobalSection
	GlobalSection(NestedProjects) = preSolution
		{F4EC74ED-9494-42FF-9831-004F2B51DAC3} = {DC71C30A-F3DE-45CD-A6A6-B4CD38231F28}
		{22C7B21F-8BE6-48D5-B1CC-80A000A00BFF} = {DC71C30A-F3DE-45CD-A6A6-B4CD38231F28}
		{A03244D4-CFD0-4CCB-A289-955D352854DB} = {DC71C30A-F3DE-45CD-A6A6-B4CD38231F28}
		{A421756D-DA75-4D1F-87AD-0ABA039266AD} = {DC71C30A-F3DE-45CD-A6A6-B4CD38231F28}
		{1C247BD7-C4CB-4E1E-9107-FF77E1B370CF} = {F0949E12-9D60-4D4B-8CC1-D82D676E6F79}
		{C8BD9C70-166E-4388-8BCC-ED2D2BB4793B} = {F0949E12-9D60-4D4B-8CC1-D82D676E6F79}
		{1A5D0AB6-759F-4CAE-9D90-DF11318D8A4D} = {F0949E12-9D60-4D4B-8CC1-D82D676E6F79}
	EndGlobalSection
EndGlobal
